// !$*UTF8*$!
{
	archiveVersion = 1;
	classes = {
	};
	objectVersion = 77;
	objects = {

/* Begin PBXBuildFile section */
		0239F7BE41CAE74E82B0DD9D /* MurmurCore in Frameworks */ = {isa = PBXBuildFile; productRef = 56CC3455F90F1544E2C1D955 /* MurmurCore */; };
		0555186C883679E9B4A4778A /* MemoDetailViewModel.swift in Sources */ = {isa = PBXBuildFile; fileRef = 9A42EA4B53CAC26535EABE33 /* MemoDetailViewModel.swift */; };
		140BAA03E5B2403107EB5737 /* RecordView.swift in Sources */ = {isa = PBXBuildFile; fileRef = DCD3CDB52A9B7A2D8DB2FA93 /* RecordView.swift */; };
		1D9119B478D46C060A3DF8D2 /* MurmurAppContainer.swift in Sources */ = {isa = PBXBuildFile; fileRef = FF623630B8C68E5B94934CD3 /* MurmurAppContainer.swift */; };
		2B1FEE7437516D6797C682FB /* AudioPlayerView.swift in Sources */ = {isa = PBXBuildFile; fileRef = 4AB66C784AB21EB552B59256 /* AudioPlayerView.swift */; };
		2C1EF22FC36AD37D3E16B0CD /* SettingsViewModel.swift in Sources */ = {isa = PBXBuildFile; fileRef = 43C902387A51467AF25659AD /* SettingsViewModel.swift */; };
		2D13835FE68090820F1C864C /* MetricsView.swift in Sources */ = {isa = PBXBuildFile; fileRef = DF2DC2862647AF85214F9DBC /* MetricsView.swift */; };
		33FB02F379AEEB5188049C3F /* RecordView.swift in Sources */ = {isa = PBXBuildFile; fileRef = DCD3CDB52A9B7A2D8DB2FA93 /* RecordView.swift */; };
		35793F9E73FEE42CBA07CE05 /* MemoDetailView.swift in Sources */ = {isa = PBXBuildFile; fileRef = 20D61F7DACC09C3A205AAC46 /* MemoDetailView.swift */; };
		3E25AEA89EA25B2AA80D956A /* ContentView.swift in Sources */ = {isa = PBXBuildFile; fileRef = B04B533583435F36A71BD564 /* ContentView.swift */; };
		3F23567D80BB7A0DD22E5ADF /* AudioPlayerView.swift in Sources */ = {isa = PBXBuildFile; fileRef = 4AB66C784AB21EB552B59256 /* AudioPlayerView.swift */; };
		3F3F28CCFB002EBCEFBEB3DA /* AskViewModel.swift in Sources */ = {isa = PBXBuildFile; fileRef = 80D28CDE6C4B693CD8998EBE /* AskViewModel.swift */; };
		4325771AEAC410066D3AEEB7 /* MurmurCore in Frameworks */ = {isa = PBXBuildFile; productRef = 0061F7CD2CBB35A921957D91 /* MurmurCore */; };
		441728417EBB416398670804 /* MurmurCore in Frameworks */ = {isa = PBXBuildFile; productRef = D12B8AE4A3D261D377818FEB /* MurmurCore */; };
		4DEFBA8E90786BBE77BC4832 /* WatchContentView.swift in Sources */ = {isa = PBXBuildFile; fileRef = DA5B96FF77F1E12DF43EA870 /* WatchContentView.swift */; };
		53468F36BDB25BEC8DF92DE3 /* MemoDetailViewModel.swift in Sources */ = {isa = PBXBuildFile; fileRef = 9A42EA4B53CAC26535EABE33 /* MemoDetailViewModel.swift */; };
		607B853B21C65543C66E2A7E /* MurmurWatchApp.swift in Sources */ = {isa = PBXBuildFile; fileRef = CBE8163843E13A23940D750A /* MurmurWatchApp.swift */; };
		679061F06190BF2304899C8B /* MetricsViewModel.swift in Sources */ = {isa = PBXBuildFile; fileRef = 258B363DEE7BC78427A9CCCD /* MetricsViewModel.swift */; };
		6A6B853CFD784D1CF612D9B2 /* RecordViewModel.swift in Sources */ = {isa = PBXBuildFile; fileRef = 8C8860C3B7E2B4430E40B466 /* RecordViewModel.swift */; };
		6B25D11EE38378FAD026AD79 /* MurmurWatchAppContainer.swift in Sources */ = {isa = PBXBuildFile; fileRef = E7B7DA28A67A2BCE51EB15CE /* MurmurWatchAppContainer.swift */; };
		73001460BEF575C3E59F2B8B /* WatchRecordViewModel.swift in Sources */ = {isa = PBXBuildFile; fileRef = BFA6C62328130175E08DF688 /* WatchRecordViewModel.swift */; };
		76D83C678983DB207008EBD1 /* MetricsViewModel.swift in Sources */ = {isa = PBXBuildFile; fileRef = 258B363DEE7BC78427A9CCCD /* MetricsViewModel.swift */; };
		7D7F3545361C45FAE8A69C48 /* AskViewModel.swift in Sources */ = {isa = PBXBuildFile; fileRef = 80D28CDE6C4B693CD8998EBE /* AskViewModel.swift */; };
		80AAB307D71CDCD739566396 /* MurmurApp.swift in Sources */ = {isa = PBXBuildFile; fileRef = 69C08D9972D05BB1E2E2BDB5 /* MurmurApp.swift */; };
		84AED457318C8F03917C457C /* SettingsViewModel.swift in Sources */ = {isa = PBXBuildFile; fileRef = 43C902387A51467AF25659AD /* SettingsViewModel.swift */; };
		87D47695DFC616BCD3CA8F01 /* AskView.swift in Sources */ = {isa = PBXBuildFile; fileRef = A4EA4B5142230B85A75B745B /* AskView.swift */; };
		8B82BF3D3DA06DB77BF0D15F /* ContentView.swift in Sources */ = {isa = PBXBuildFile; fileRef = B04B533583435F36A71BD564 /* ContentView.swift */; };
		8F6D50D310726A352D6A3F91 /* MetricsView.swift in Sources */ = {isa = PBXBuildFile; fileRef = DF2DC2862647AF85214F9DBC /* MetricsView.swift */; };
		951856CF006ED8AFE68455D4 /* SettingsView.swift in Sources */ = {isa = PBXBuildFile; fileRef = 5B3B3D5559233A008E7082C0 /* SettingsView.swift */; };
		9CD5202C1897F850F44B1590 /* RecordViewModelTests.swift in Sources */ = {isa = PBXBuildFile; fileRef = FAB98571331852FE752AB008 /* RecordViewModelTests.swift */; };
		B05235AD1344BFD16297A438 /* LibraryViewModel.swift in Sources */ = {isa = PBXBuildFile; fileRef = 3F9E52D049C3EF4D4D6601C7 /* LibraryViewModel.swift */; };
		B9111B384CDF677738F02D16 /* MurmurCore in Frameworks */ = {isa = PBXBuildFile; productRef = E74E872DD759F69FAA30C772 /* MurmurCore */; };
		B976091282FA8D3B9AB772B8 /* SettingsView.swift in Sources */ = {isa = PBXBuildFile; fileRef = 5B3B3D5559233A008E7082C0 /* SettingsView.swift */; };
		BB7A2D886C876D6C189116CD /* MurmurDesignSystem.swift in Sources */ = {isa = PBXBuildFile; fileRef = 4287FA2EBE96E0BA102534F9 /* MurmurDesignSystem.swift */; };
		BEA9FECD665ED0736376EBFF /* RecordViewModel.swift in Sources */ = {isa = PBXBuildFile; fileRef = 8C8860C3B7E2B4430E40B466 /* RecordViewModel.swift */; };
		C5EFE4E18FD67302DC14D0DB /* MurmurAppContainer.swift in Sources */ = {isa = PBXBuildFile; fileRef = FF623630B8C68E5B94934CD3 /* MurmurAppContainer.swift */; };
		C7CEF47E5194C0920F616AB5 /* MemoDetailView.swift in Sources */ = {isa = PBXBuildFile; fileRef = 20D61F7DACC09C3A205AAC46 /* MemoDetailView.swift */; };
		C80BE1B205ABAEA9188A5A45 /* LibraryView.swift in Sources */ = {isa = PBXBuildFile; fileRef = A7366F5465FB302E8FD9F1EF /* LibraryView.swift */; };
		CFAA069A6EFC5D707BC78D2F /* MurmurDesignSystem.swift in Sources */ = {isa = PBXBuildFile; fileRef = 4287FA2EBE96E0BA102534F9 /* MurmurDesignSystem.swift */; };
		D4B39BC90ABB9C03C6B06F10 /* AskView.swift in Sources */ = {isa = PBXBuildFile; fileRef = A4EA4B5142230B85A75B745B /* AskView.swift */; };
		EC235BDE2C2DF0B661F52F46 /* LibraryViewModel.swift in Sources */ = {isa = PBXBuildFile; fileRef = 3F9E52D049C3EF4D4D6601C7 /* LibraryViewModel.swift */; };
		F1C63C1871FB4450ACF1A531 /* LibraryView.swift in Sources */ = {isa = PBXBuildFile; fileRef = A7366F5465FB302E8FD9F1EF /* LibraryView.swift */; };
		FF83D5D06A3464026220837E /* MurmurApp.swift in Sources */ = {isa = PBXBuildFile; fileRef = 69C08D9972D05BB1E2E2BDB5 /* MurmurApp.swift */; };
/* End PBXBuildFile section */

/* Begin PBXContainerItemProxy section */
		99AF692C8AC0555976C2ED49 /* PBXContainerItemProxy */ = {
			isa = PBXContainerItemProxy;
			containerPortal = 212C51E196E4C5F2E057C421 /* Project object */;
			proxyType = 1;
			remoteGlobalIDString = 37A6DE2FFFB6811C3CF82600;
			remoteInfo = MurmurMacApp;
		};
/* End PBXContainerItemProxy section */

/* Begin PBXFileReference section */
		20D61F7DACC09C3A205AAC46 /* MemoDetailView.swift */ = {isa = PBXFileReference; lastKnownFileType = sourcecode.swift; path = MemoDetailView.swift; sourceTree = "<group>"; };
		21FCC67C11308734C9D07EAB /* Info.plist */ = {isa = PBXFileReference; lastKnownFileType = text.plist; path = Info.plist; sourceTree = "<group>"; };
		258B363DEE7BC78427A9CCCD /* MetricsViewModel.swift */ = {isa = PBXFileReference; lastKnownFileType = sourcecode.swift; path = MetricsViewModel.swift; sourceTree = "<group>"; };
		3F9E52D049C3EF4D4D6601C7 /* LibraryViewModel.swift */ = {isa = PBXFileReference; lastKnownFileType = sourcecode.swift; path = LibraryViewModel.swift; sourceTree = "<group>"; };
		4287FA2EBE96E0BA102534F9 /* MurmurDesignSystem.swift */ = {isa = PBXFileReference; lastKnownFileType = sourcecode.swift; path = MurmurDesignSystem.swift; sourceTree = "<group>"; };
		43C902387A51467AF25659AD /* SettingsViewModel.swift */ = {isa = PBXFileReference; lastKnownFileType = sourcecode.swift; path = SettingsViewModel.swift; sourceTree = "<group>"; };
		45423DCA14B009E95F3852A2 /* Murmur.entitlements */ = {isa = PBXFileReference; lastKnownFileType = text.plist.entitlements; path = Murmur.entitlements; sourceTree = "<group>"; };
		4AB66C784AB21EB552B59256 /* AudioPlayerView.swift */ = {isa = PBXFileReference; lastKnownFileType = sourcecode.swift; path = AudioPlayerView.swift; sourceTree = "<group>"; };
		52E1E4F18B7F754159CA0BC4 /* MurmurWatchApp.app */ = {isa = PBXFileReference; explicitFileType = wrapper.application; includeInIndex = 0; path = MurmurWatchApp.app; sourceTree = BUILT_PRODUCTS_DIR; };
		54CD3839B9A16EE0A31942B4 /* MurmurMacAppTests.xctest */ = {isa = PBXFileReference; explicitFileType = wrapper.cfbundle; includeInIndex = 0; path = MurmurMacAppTests.xctest; sourceTree = BUILT_PRODUCTS_DIR; };
		57DBD0FEA32C05FD2551CD14 /* Murmur.entitlements */ = {isa = PBXFileReference; lastKnownFileType = text.plist.entitlements; path = Murmur.entitlements; sourceTree = "<group>"; };
		5B3B3D5559233A008E7082C0 /* SettingsView.swift */ = {isa = PBXFileReference; lastKnownFileType = sourcecode.swift; path = SettingsView.swift; sourceTree = "<group>"; };
		69C08D9972D05BB1E2E2BDB5 /* MurmurApp.swift */ = {isa = PBXFileReference; lastKnownFileType = sourcecode.swift; path = MurmurApp.swift; sourceTree = "<group>"; };
		6FF7B15C22D1FD9136BB13BC /* MurmurCore */ = {isa = PBXFileReference; lastKnownFileType = folder; name = MurmurCore; path = MurmurCore; sourceTree = SOURCE_ROOT; };
		80D28CDE6C4B693CD8998EBE /* AskViewModel.swift */ = {isa = PBXFileReference; lastKnownFileType = sourcecode.swift; path = AskViewModel.swift; sourceTree = "<group>"; };
		8C8860C3B7E2B4430E40B466 /* RecordViewModel.swift */ = {isa = PBXFileReference; lastKnownFileType = sourcecode.swift; path = RecordViewModel.swift; sourceTree = "<group>"; };
		9A42EA4B53CAC26535EABE33 /* MemoDetailViewModel.swift */ = {isa = PBXFileReference; lastKnownFileType = sourcecode.swift; path = MemoDetailViewModel.swift; sourceTree = "<group>"; };
		A4EA4B5142230B85A75B745B /* AskView.swift */ = {isa = PBXFileReference; lastKnownFileType = sourcecode.swift; path = AskView.swift; sourceTree = "<group>"; };
		A7366F5465FB302E8FD9F1EF /* LibraryView.swift */ = {isa = PBXFileReference; lastKnownFileType = sourcecode.swift; path = LibraryView.swift; sourceTree = "<group>"; };
		B04B533583435F36A71BD564 /* ContentView.swift */ = {isa = PBXFileReference; lastKnownFileType = sourcecode.swift; path = ContentView.swift; sourceTree = "<group>"; };
		BF6A089BAE8949A623DFD0D9 /* MurmurApp.app */ = {isa = PBXFileReference; includeInIndex = 0; lastKnownFileType = wrapper.application; path = MurmurApp.app; sourceTree = BUILT_PRODUCTS_DIR; };
		BFA6C62328130175E08DF688 /* WatchRecordViewModel.swift */ = {isa = PBXFileReference; lastKnownFileType = sourcecode.swift; path = WatchRecordViewModel.swift; sourceTree = "<group>"; };
		CB48753DE23D0A8AE7EE3DC8 /* MurmurMacApp.app */ = {isa = PBXFileReference; explicitFileType = wrapper.application; includeInIndex = 0; path = MurmurMacApp.app; sourceTree = BUILT_PRODUCTS_DIR; };
		CBE8163843E13A23940D750A /* MurmurWatchApp.swift */ = {isa = PBXFileReference; lastKnownFileType = sourcecode.swift; path = MurmurWatchApp.swift; sourceTree = "<group>"; };
		D797731523833060E440A97A /* Info.plist */ = {isa = PBXFileReference; lastKnownFileType = text.plist; path = Info.plist; sourceTree = "<group>"; };
		DA5B96FF77F1E12DF43EA870 /* WatchContentView.swift */ = {isa = PBXFileReference; lastKnownFileType = sourcecode.swift; path = WatchContentView.swift; sourceTree = "<group>"; };
		DCD3CDB52A9B7A2D8DB2FA93 /* RecordView.swift */ = {isa = PBXFileReference; lastKnownFileType = sourcecode.swift; path = RecordView.swift; sourceTree = "<group>"; };
		DF2DC2862647AF85214F9DBC /* MetricsView.swift */ = {isa = PBXFileReference; lastKnownFileType = sourcecode.swift; path = MetricsView.swift; sourceTree = "<group>"; };
		E7B7DA28A67A2BCE51EB15CE /* MurmurWatchAppContainer.swift */ = {isa = PBXFileReference; lastKnownFileType = sourcecode.swift; path = MurmurWatchAppContainer.swift; sourceTree = "<group>"; };
		FAB98571331852FE752AB008 /* RecordViewModelTests.swift */ = {isa = PBXFileReference; lastKnownFileType = sourcecode.swift; path = RecordViewModelTests.swift; sourceTree = "<group>"; };
		FF623630B8C68E5B94934CD3 /* MurmurAppContainer.swift */ = {isa = PBXFileReference; lastKnownFileType = sourcecode.swift; path = MurmurAppContainer.swift; sourceTree = "<group>"; };
/* End PBXFileReference section */

/* Begin PBXFrameworksBuildPhase section */
		05B3C08A2571E2C2958678F1 /* Frameworks */ = {
			isa = PBXFrameworksBuildPhase;
			buildActionMask = 2147483647;
			files = (
				0239F7BE41CAE74E82B0DD9D /* MurmurCore in Frameworks */,
			);
			runOnlyForDeploymentPostprocessing = 0;
		};
		43E5614D01EFDCF39E495F12 /* Frameworks */ = {
			isa = PBXFrameworksBuildPhase;
			buildActionMask = 2147483647;
			files = (
				441728417EBB416398670804 /* MurmurCore in Frameworks */,
			);
			runOnlyForDeploymentPostprocessing = 0;
		};
		D063C2B9B1AAAF6A3A62FD0B /* Frameworks */ = {
			isa = PBXFrameworksBuildPhase;
			buildActionMask = 2147483647;
			files = (
				B9111B384CDF677738F02D16 /* MurmurCore in Frameworks */,
			);
			runOnlyForDeploymentPostprocessing = 0;
		};
		FA1AE99EEC36A767B4BE7136 /* Frameworks */ = {
			isa = PBXFrameworksBuildPhase;
			buildActionMask = 2147483647;
			files = (
				4325771AEAC410066D3AEEB7 /* MurmurCore in Frameworks */,
			);
			runOnlyForDeploymentPostprocessing = 0;
		};
/* End PBXFrameworksBuildPhase section */

/* Begin PBXGroup section */
		001444262D284F2CB5040E1E /* Products */ = {
			isa = PBXGroup;
			children = (
				BF6A089BAE8949A623DFD0D9 /* MurmurApp.app */,
				CB48753DE23D0A8AE7EE3DC8 /* MurmurMacApp.app */,
				54CD3839B9A16EE0A31942B4 /* MurmurMacAppTests.xctest */,
				52E1E4F18B7F754159CA0BC4 /* MurmurWatchApp.app */,
			);
			name = Products;
			sourceTree = "<group>";
		};
		0E08B0AF0C9B5D02C19CDDA4 /* Views */ = {
			isa = PBXGroup;
			children = (
				DA5B96FF77F1E12DF43EA870 /* WatchContentView.swift */,
			);
			path = Views;
			sourceTree = "<group>";
		};
		13A439136F5CCE5AF71A70C7 /* ViewModels */ = {
			isa = PBXGroup;
			children = (
				80D28CDE6C4B693CD8998EBE /* AskViewModel.swift */,
				3F9E52D049C3EF4D4D6601C7 /* LibraryViewModel.swift */,
				9A42EA4B53CAC26535EABE33 /* MemoDetailViewModel.swift */,
				258B363DEE7BC78427A9CCCD /* MetricsViewModel.swift */,
				8C8860C3B7E2B4430E40B466 /* RecordViewModel.swift */,
				43C902387A51467AF25659AD /* SettingsViewModel.swift */,
			);
			path = ViewModels;
			sourceTree = "<group>";
		};
		2B70A5AEF98D6DA3C8027ECF /* Resources */ = {
			isa = PBXGroup;
			children = (
				21FCC67C11308734C9D07EAB /* Info.plist */,
				45423DCA14B009E95F3852A2 /* Murmur.entitlements */,
			);
			path = Resources;
			sourceTree = "<group>";
		};
		3B6FEDD8BCB3A580BDA8152A /* Resources */ = {
			isa = PBXGroup;
			children = (
				D797731523833060E440A97A /* Info.plist */,
				57DBD0FEA32C05FD2551CD14 /* Murmur.entitlements */,
			);
			path = Resources;
			sourceTree = "<group>";
		};
		457BC2B9448A0D64B9F7B69C /* MurmurAppTests */ = {
			isa = PBXGroup;
			children = (
				FAB98571331852FE752AB008 /* RecordViewModelTests.swift */,
			);
			path = MurmurAppTests;
			sourceTree = "<group>";
		};
		5045741747A8DF1E507C7F97 /* MurmurWatchApp */ = {
			isa = PBXGroup;
			children = (
				CBE8163843E13A23940D750A /* MurmurWatchApp.swift */,
				3B6FEDD8BCB3A580BDA8152A /* Resources */,
				C848098EC93B95AF7E21EB6D /* Support */,
				E7A4BC1E3A0F4C012C4FA073 /* ViewModels */,
				0E08B0AF0C9B5D02C19CDDA4 /* Views */,
			);
			path = MurmurWatchApp;
			sourceTree = "<group>";
		};
		55AFDC8326A0474CEB29A9C9 = {
			isa = PBXGroup;
			children = (
				DEC26F176D2A20F6912EDBF6 /* MurmurApp */,
				457BC2B9448A0D64B9F7B69C /* MurmurAppTests */,
				5045741747A8DF1E507C7F97 /* MurmurWatchApp */,
				59F28B1FCF6287698AD0412D /* Packages */,
				001444262D284F2CB5040E1E /* Products */,
			);
			sourceTree = "<group>";
		};
		59F28B1FCF6287698AD0412D /* Packages */ = {
			isa = PBXGroup;
			children = (
				6FF7B15C22D1FD9136BB13BC /* MurmurCore */,
			);
			name = Packages;
			sourceTree = "<group>";
		};
		864B1594EE43B726F82963EF /* Support */ = {
			isa = PBXGroup;
			children = (
				FF623630B8C68E5B94934CD3 /* MurmurAppContainer.swift */,
			);
			path = Support;
			sourceTree = "<group>";
		};
		BA15B626F2863DA5CA32B081 /* Views */ = {
			isa = PBXGroup;
			children = (
				A4EA4B5142230B85A75B745B /* AskView.swift */,
				4AB66C784AB21EB552B59256 /* AudioPlayerView.swift */,
				B04B533583435F36A71BD564 /* ContentView.swift */,
				A7366F5465FB302E8FD9F1EF /* LibraryView.swift */,
				20D61F7DACC09C3A205AAC46 /* MemoDetailView.swift */,
				DF2DC2862647AF85214F9DBC /* MetricsView.swift */,
				4287FA2EBE96E0BA102534F9 /* MurmurDesignSystem.swift */,
				DCD3CDB52A9B7A2D8DB2FA93 /* RecordView.swift */,
				5B3B3D5559233A008E7082C0 /* SettingsView.swift */,
			);
			path = Views;
			sourceTree = "<group>";
		};
		C848098EC93B95AF7E21EB6D /* Support */ = {
			isa = PBXGroup;
			children = (
				E7B7DA28A67A2BCE51EB15CE /* MurmurWatchAppContainer.swift */,
			);
			path = Support;
			sourceTree = "<group>";
		};
		DEC26F176D2A20F6912EDBF6 /* MurmurApp */ = {
			isa = PBXGroup;
			children = (
				69C08D9972D05BB1E2E2BDB5 /* MurmurApp.swift */,
				2B70A5AEF98D6DA3C8027ECF /* Resources */,
				864B1594EE43B726F82963EF /* Support */,
				13A439136F5CCE5AF71A70C7 /* ViewModels */,
				BA15B626F2863DA5CA32B081 /* Views */,
			);
			path = MurmurApp;
			sourceTree = "<group>";
		};
		E7A4BC1E3A0F4C012C4FA073 /* ViewModels */ = {
			isa = PBXGroup;
			children = (
				BFA6C62328130175E08DF688 /* WatchRecordViewModel.swift */,
			);
			path = ViewModels;
			sourceTree = "<group>";
		};
/* End PBXGroup section */

/* Begin PBXNativeTarget section */
		1EC829D42BCAB2A6B778D931 /* MurmurWatchApp */ = {
			isa = PBXNativeTarget;
			buildConfigurationList = 4F625D0EFB6A97773843F3F8 /* Build configuration list for PBXNativeTarget "MurmurWatchApp" */;
			buildPhases = (
				91B51B0FDF3F2CA1B0E5C33F /* Sources */,
				D063C2B9B1AAAF6A3A62FD0B /* Frameworks */,
			);
			buildRules = (
			);
			dependencies = (
			);
			name = MurmurWatchApp;
			packageProductDependencies = (
				E74E872DD759F69FAA30C772 /* MurmurCore */,
			);
			productName = MurmurWatchApp;
			productReference = 52E1E4F18B7F754159CA0BC4 /* MurmurWatchApp.app */;
			productType = "com.apple.product-type.application";
		};
		37A6DE2FFFB6811C3CF82600 /* MurmurMacApp */ = {
			isa = PBXNativeTarget;
			buildConfigurationList = 345E6259ECF68832DC7721DC /* Build configuration list for PBXNativeTarget "MurmurMacApp" */;
			buildPhases = (
				F663AE00E4283FD2A7EE203D /* Sources */,
				43E5614D01EFDCF39E495F12 /* Frameworks */,
			);
			buildRules = (
			);
			dependencies = (
			);
			name = MurmurMacApp;
			packageProductDependencies = (
				D12B8AE4A3D261D377818FEB /* MurmurCore */,
			);
			productName = MurmurMacApp;
			productReference = CB48753DE23D0A8AE7EE3DC8 /* MurmurMacApp.app */;
			productType = "com.apple.product-type.application";
		};
		6BFF9EA2B2F4B3EA4F6F8E1E /* MurmurMacAppTests */ = {
			isa = PBXNativeTarget;
			buildConfigurationList = 667BF3BC38B4BD3DE3388220 /* Build configuration list for PBXNativeTarget "MurmurMacAppTests" */;
			buildPhases = (
				4759EE29439E5BEDD63154A6 /* Sources */,
				05B3C08A2571E2C2958678F1 /* Frameworks */,
			);
			buildRules = (
			);
			dependencies = (
				3557C9833A6A2858495AEBBC /* PBXTargetDependency */,
			);
			name = MurmurMacAppTests;
			packageProductDependencies = (
				56CC3455F90F1544E2C1D955 /* MurmurCore */,
			);
			productName = MurmurMacAppTests;
			productReference = 54CD3839B9A16EE0A31942B4 /* MurmurMacAppTests.xctest */;
			productType = "com.apple.product-type.bundle.unit-test";
		};
		820A96E8EF024C1EC45A823E /* MurmurApp */ = {
			isa = PBXNativeTarget;
			buildConfigurationList = 80938E071CAF686F9D324F47 /* Build configuration list for PBXNativeTarget "MurmurApp" */;
			buildPhases = (
				A75061275EF53FD54579DBC3 /* Sources */,
				FA1AE99EEC36A767B4BE7136 /* Frameworks */,
			);
			buildRules = (
			);
			dependencies = (
			);
			name = MurmurApp;
			packageProductDependencies = (
				0061F7CD2CBB35A921957D91 /* MurmurCore */,
			);
			productName = MurmurApp;
			productReference = BF6A089BAE8949A623DFD0D9 /* MurmurApp.app */;
			productType = "com.apple.product-type.application";
		};
/* End PBXNativeTarget section */

/* Begin PBXProject section */
		212C51E196E4C5F2E057C421 /* Project object */ = {
			isa = PBXProject;
			attributes = {
				BuildIndependentTargetsInParallel = YES;
				LastUpgradeCheck = 1430;
				TargetAttributes = {
					1EC829D42BCAB2A6B778D931 = {
						DevelopmentTeam = "";
						ProvisioningStyle = Automatic;
					};
					37A6DE2FFFB6811C3CF82600 = {
						DevelopmentTeam = "";
						ProvisioningStyle = Automatic;
					};
					6BFF9EA2B2F4B3EA4F6F8E1E = {
						DevelopmentTeam = "";
						ProvisioningStyle = Automatic;
					};
					820A96E8EF024C1EC45A823E = {
						DevelopmentTeam = "";
						ProvisioningStyle = Automatic;
					};
				};
			};
			buildConfigurationList = 7BC53DFDF5746356F727BB31 /* Build configuration list for PBXProject "Murmur" */;
			developmentRegion = en;
			hasScannedForEncodings = 0;
			knownRegions = (
				Base,
				en,
			);
			mainGroup = 55AFDC8326A0474CEB29A9C9;
			minimizedProjectReferenceProxies = 1;
			packageReferences = (
				F3D714E605F6EFA8C05681B0 /* XCLocalSwiftPackageReference "MurmurCore" */,
			);
			preferredProjectObjectVersion = 77;
			productRefGroup = 001444262D284F2CB5040E1E /* Products */;
			projectDirPath = "";
			projectRoot = "";
			targets = (
				820A96E8EF024C1EC45A823E /* MurmurApp */,
				37A6DE2FFFB6811C3CF82600 /* MurmurMacApp */,
				6BFF9EA2B2F4B3EA4F6F8E1E /* MurmurMacAppTests */,
				1EC829D42BCAB2A6B778D931 /* MurmurWatchApp */,
			);
		};
/* End PBXProject section */

/* Begin PBXSourcesBuildPhase section */
		4759EE29439E5BEDD63154A6 /* Sources */ = {
			isa = PBXSourcesBuildPhase;
			buildActionMask = 2147483647;
			files = (
				9CD5202C1897F850F44B1590 /* RecordViewModelTests.swift in Sources */,
			);
			runOnlyForDeploymentPostprocessing = 0;
		};
		91B51B0FDF3F2CA1B0E5C33F /* Sources */ = {
			isa = PBXSourcesBuildPhase;
			buildActionMask = 2147483647;
			files = (
				607B853B21C65543C66E2A7E /* MurmurWatchApp.swift in Sources */,
				6B25D11EE38378FAD026AD79 /* MurmurWatchAppContainer.swift in Sources */,
				4DEFBA8E90786BBE77BC4832 /* WatchContentView.swift in Sources */,
				73001460BEF575C3E59F2B8B /* WatchRecordViewModel.swift in Sources */,
			);
			runOnlyForDeploymentPostprocessing = 0;
		};
		A75061275EF53FD54579DBC3 /* Sources */ = {
			isa = PBXSourcesBuildPhase;
			buildActionMask = 2147483647;
			files = (
				D4B39BC90ABB9C03C6B06F10 /* AskView.swift in Sources */,
				3F3F28CCFB002EBCEFBEB3DA /* AskViewModel.swift in Sources */,
				3F23567D80BB7A0DD22E5ADF /* AudioPlayerView.swift in Sources */,
				8B82BF3D3DA06DB77BF0D15F /* ContentView.swift in Sources */,
				C80BE1B205ABAEA9188A5A45 /* LibraryView.swift in Sources */,
				EC235BDE2C2DF0B661F52F46 /* LibraryViewModel.swift in Sources */,
				35793F9E73FEE42CBA07CE05 /* MemoDetailView.swift in Sources */,
				0555186C883679E9B4A4778A /* MemoDetailViewModel.swift in Sources */,
				2D13835FE68090820F1C864C /* MetricsView.swift in Sources */,
				679061F06190BF2304899C8B /* MetricsViewModel.swift in Sources */,
				80AAB307D71CDCD739566396 /* MurmurApp.swift in Sources */,
				1D9119B478D46C060A3DF8D2 /* MurmurAppContainer.swift in Sources */,
				CFAA069A6EFC5D707BC78D2F /* MurmurDesignSystem.swift in Sources */,
				140BAA03E5B2403107EB5737 /* RecordView.swift in Sources */,
				BEA9FECD665ED0736376EBFF /* RecordViewModel.swift in Sources */,
				B976091282FA8D3B9AB772B8 /* SettingsView.swift in Sources */,
				2C1EF22FC36AD37D3E16B0CD /* SettingsViewModel.swift in Sources */,
			);
			runOnlyForDeploymentPostprocessing = 0;
		};
		F663AE00E4283FD2A7EE203D /* Sources */ = {
			isa = PBXSourcesBuildPhase;
			buildActionMask = 2147483647;
			files = (
				87D47695DFC616BCD3CA8F01 /* AskView.swift in Sources */,
				7D7F3545361C45FAE8A69C48 /* AskViewModel.swift in Sources */,
				2B1FEE7437516D6797C682FB /* AudioPlayerView.swift in Sources */,
				3E25AEA89EA25B2AA80D956A /* ContentView.swift in Sources */,
				F1C63C1871FB4450ACF1A531 /* LibraryView.swift in Sources */,
				B05235AD1344BFD16297A438 /* LibraryViewModel.swift in Sources */,
				C7CEF47E5194C0920F616AB5 /* MemoDetailView.swift in Sources */,
				53468F36BDB25BEC8DF92DE3 /* MemoDetailViewModel.swift in Sources */,
				8F6D50D310726A352D6A3F91 /* MetricsView.swift in Sources */,
				76D83C678983DB207008EBD1 /* MetricsViewModel.swift in Sources */,
				FF83D5D06A3464026220837E /* MurmurApp.swift in Sources */,
				C5EFE4E18FD67302DC14D0DB /* MurmurAppContainer.swift in Sources */,
				BB7A2D886C876D6C189116CD /* MurmurDesignSystem.swift in Sources */,
				33FB02F379AEEB5188049C3F /* RecordView.swift in Sources */,
				6A6B853CFD784D1CF612D9B2 /* RecordViewModel.swift in Sources */,
				951856CF006ED8AFE68455D4 /* SettingsView.swift in Sources */,
				84AED457318C8F03917C457C /* SettingsViewModel.swift in Sources */,
			);
			runOnlyForDeploymentPostprocessing = 0;
		};
/* End PBXSourcesBuildPhase section */

/* Begin PBXTargetDependency section */
		3557C9833A6A2858495AEBBC /* PBXTargetDependency */ = {
			isa = PBXTargetDependency;
			target = 37A6DE2FFFB6811C3CF82600 /* MurmurMacApp */;
			targetProxy = 99AF692C8AC0555976C2ED49 /* PBXContainerItemProxy */;
		};
/* End PBXTargetDependency section */

/* Begin XCBuildConfiguration section */
		0570378B170F1749FD837102 /* Debug */ = {
			isa = XCBuildConfiguration;
			buildSettings = {
				ASSETCATALOG_COMPILER_APPICON_NAME = AppIcon;
				CODE_SIGNING_ALLOWED = NO;
				CODE_SIGNING_REQUIRED = NO;
				COMBINE_HIDPI_IMAGES = YES;
				INFOPLIST_FILE = MurmurApp/Resources/Info.plist;
				LD_RUNPATH_SEARCH_PATHS = (
					"$(inherited)",
					"@executable_path/../Frameworks",
				);
				MACOSX_DEPLOYMENT_TARGET = 14.0;
				PRODUCT_BUNDLE_IDENTIFIER = com.sushildalavi.MurmurMacApp;
				SDKROOT = macosx;
			};
			name = Debug;
		};
		6B1671B126D78DB1F1E72396 /* Release */ = {
			isa = XCBuildConfiguration;
			buildSettings = {
				ASSETCATALOG_COMPILER_APPICON_NAME = AppIcon;
				CODE_SIGNING_ALLOWED = NO;
				CODE_SIGNING_REQUIRED = NO;
				CODE_SIGN_ENTITLEMENTS = MurmurApp/Resources/Murmur.entitlements;
				CODE_SIGN_IDENTITY = "iPhone Developer";
				INFOPLIST_FILE = MurmurApp/Resources/Info.plist;
				IPHONEOS_DEPLOYMENT_TARGET = 17.0;
				LD_RUNPATH_SEARCH_PATHS = (
					"$(inherited)",
					"@executable_path/Frameworks",
				);
				PRODUCT_BUNDLE_IDENTIFIER = com.sushildalavi.MurmurApp;
				SDKROOT = iphoneos;
				TARGETED_DEVICE_FAMILY = "1,2";
			};
			name = Release;
		};
		7396103946151723B3B8A550 /* Release */ = {
			isa = XCBuildConfiguration;
			buildSettings = {
				ASSETCATALOG_COMPILER_APPICON_NAME = AppIcon;
				CODE_SIGNING_ALLOWED = NO;
				CODE_SIGNING_REQUIRED = NO;
				COMBINE_HIDPI_IMAGES = YES;
				INFOPLIST_FILE = MurmurApp/Resources/Info.plist;
				LD_RUNPATH_SEARCH_PATHS = (
					"$(inherited)",
					"@executable_path/../Frameworks",
				);
				MACOSX_DEPLOYMENT_TARGET = 14.0;
				PRODUCT_BUNDLE_IDENTIFIER = com.sushildalavi.MurmurMacApp;
				SDKROOT = macosx;
			};
			name = Release;
		};
		8C329C2B66CB34F8BAB56F81 /* Debug */ = {
			isa = XCBuildConfiguration;
			buildSettings = {
				BUNDLE_LOADER = "$(TEST_HOST)";
				COMBINE_HIDPI_IMAGES = YES;
				LD_RUNPATH_SEARCH_PATHS = (
					"$(inherited)",
					"@executable_path/../Frameworks",
					"@loader_path/../Frameworks",
				);
				MACOSX_DEPLOYMENT_TARGET = 14.0;
				PRODUCT_BUNDLE_IDENTIFIER = com.sushildalavi.MurmurMacAppTests;
				SDKROOT = macosx;
				TEST_HOST = "$(BUILT_PRODUCTS_DIR)/MurmurMacApp.app/Contents/MacOS/MurmurMacApp";
			};
			name = Debug;
		};
		9191DF2C32DAEF5A429C8A63 /* Release */ = {
			isa = XCBuildConfiguration;
			buildSettings = {
				ALWAYS_SEARCH_USER_PATHS = NO;
				CLANG_ANALYZER_NONNULL = YES;
				CLANG_ANALYZER_NUMBER_OBJECT_CONVERSION = YES_AGGRESSIVE;
				CLANG_CXX_LANGUAGE_STANDARD = "gnu++14";
				CLANG_CXX_LIBRARY = "libc++";
				CLANG_ENABLE_MODULES = YES;
				CLANG_ENABLE_OBJC_ARC = YES;
				CLANG_ENABLE_OBJC_WEAK = YES;
				CLANG_WARN_BLOCK_CAPTURE_AUTORELEASING = YES;
				CLANG_WARN_BOOL_CONVERSION = YES;
				CLANG_WARN_COMMA = YES;
				CLANG_WARN_CONSTANT_CONVERSION = YES;
				CLANG_WARN_DEPRECATED_OBJC_IMPLEMENTATIONS = YES;
				CLANG_WARN_DIRECT_OBJC_ISA_USAGE = YES_ERROR;
				CLANG_WARN_DOCUMENTATION_COMMENTS = YES;
				CLANG_WARN_EMPTY_BODY = YES;
				CLANG_WARN_ENUM_CONVERSION = YES;
				CLANG_WARN_INFINITE_RECURSION = YES;
				CLANG_WARN_INT_CONVERSION = YES;
				CLANG_WARN_NON_LITERAL_NULL_CONVERSION = YES;
				CLANG_WARN_OBJC_IMPLICIT_RETAIN_SELF = YES;
				CLANG_WARN_OBJC_LITERAL_CONVERSION = YES;
				CLANG_WARN_OBJC_ROOT_CLASS = YES_ERROR;
				CLANG_WARN_QUOTED_INCLUDE_IN_FRAMEWORK_HEADER = YES;
				CLANG_WARN_RANGE_LOOP_ANALYSIS = YES;
				CLANG_WARN_STRICT_PROTOTYPES = YES;
				CLANG_WARN_SUSPICIOUS_MOVE = YES;
				CLANG_WARN_UNGUARDED_AVAILABILITY = YES_AGGRESSIVE;
				CLANG_WARN_UNREACHABLE_CODE = YES;
				CLANG_WARN__DUPLICATE_METHOD_MATCH = YES;
				CODE_SIGN_STYLE = Automatic;
				COPY_PHASE_STRIP = NO;
				DEBUG_INFORMATION_FORMAT = "dwarf-with-dsym";
				DEVELOPMENT_TEAM = "";
				ENABLE_NS_ASSERTIONS = NO;
				ENABLE_STRICT_OBJC_MSGSEND = YES;
				GCC_C_LANGUAGE_STANDARD = gnu11;
				GCC_NO_COMMON_BLOCKS = YES;
				GCC_WARN_64_TO_32_BIT_CONVERSION = YES;
				GCC_WARN_ABOUT_RETURN_TYPE = YES_ERROR;
				GCC_WARN_UNDECLARED_SELECTOR = YES;
				GCC_WARN_UNINITIALIZED_AUTOS = YES_AGGRESSIVE;
				GCC_WARN_UNUSED_FUNCTION = YES;
				GCC_WARN_UNUSED_VARIABLE = YES;
				MTL_ENABLE_DEBUG_INFO = NO;
				MTL_FAST_MATH = YES;
				PRODUCT_NAME = "$(TARGET_NAME)";
				SWIFT_COMPILATION_MODE = wholemodule;
				SWIFT_OPTIMIZATION_LEVEL = "-O";
				SWIFT_VERSION = 5.0;
			};
			name = Release;
		};
		9D4CB59E8F96D4B0C423F5E7 /* Debug */ = {
			isa = XCBuildConfiguration;
			buildSettings = {
				ASSETCATALOG_COMPILER_APPICON_NAME = AppIcon;
				CODE_SIGNING_ALLOWED = NO;
				CODE_SIGNING_REQUIRED = NO;
				CODE_SIGN_ENTITLEMENTS = MurmurApp/Resources/Murmur.entitlements;
				CODE_SIGN_IDENTITY = "iPhone Developer";
				INFOPLIST_FILE = MurmurApp/Resources/Info.plist;
				IPHONEOS_DEPLOYMENT_TARGET = 17.0;
				LD_RUNPATH_SEARCH_PATHS = (
					"$(inherited)",
					"@executable_path/Frameworks",
				);
				PRODUCT_BUNDLE_IDENTIFIER = com.sushildalavi.MurmurApp;
				SDKROOT = iphoneos;
				TARGETED_DEVICE_FAMILY = "1,2";
			};
			name = Debug;
		};
		ABBEC97200A371A36A5D5494 /* Debug */ = {
			isa = XCBuildConfiguration;
			buildSettings = {
				ASSETCATALOG_COMPILER_APPICON_NAME = AppIcon;
				CODE_SIGNING_ALLOWED = NO;
				CODE_SIGNING_REQUIRED = NO;
				INFOPLIST_FILE = MurmurWatchApp/Resources/Info.plist;
				PRODUCT_BUNDLE_IDENTIFIER = com.sushildalavi.MurmurWatchApp;
				SDKROOT = watchos;
				SKIP_INSTALL = YES;
				TARGETED_DEVICE_FAMILY = 4;
				WATCHOS_DEPLOYMENT_TARGET = 10.0;
			};
			name = Debug;
		};
		C1A9457F336E96500D56B0B3 /* Release */ = {
			isa = XCBuildConfiguration;
			buildSettings = {
				ASSETCATALOG_COMPILER_APPICON_NAME = AppIcon;
				CODE_SIGNING_ALLOWED = NO;
				CODE_SIGNING_REQUIRED = NO;
				INFOPLIST_FILE = MurmurWatchApp/Resources/Info.plist;
				PRODUCT_BUNDLE_IDENTIFIER = com.sushildalavi.MurmurWatchApp;
				SDKROOT = watchos;
				SKIP_INSTALL = YES;
				TARGETED_DEVICE_FAMILY = 4;
				WATCHOS_DEPLOYMENT_TARGET = 10.0;
			};
			name = Release;
		};
		C1D36E6E07B4FC3663D7E0DA /* Release */ = {
			isa = XCBuildConfiguration;
			buildSettings = {
				BUNDLE_LOADER = "$(TEST_HOST)";
				COMBINE_HIDPI_IMAGES = YES;
				LD_RUNPATH_SEARCH_PATHS = (
					"$(inherited)",
					"@executable_path/../Frameworks",
					"@loader_path/../Frameworks",
				);
				MACOSX_DEPLOYMENT_TARGET = 14.0;
				PRODUCT_BUNDLE_IDENTIFIER = com.sushildalavi.MurmurMacAppTests;
				SDKROOT = macosx;
				TEST_HOST = "$(BUILT_PRODUCTS_DIR)/MurmurMacApp.app/Contents/MacOS/MurmurMacApp";
			};
			name = Release;
		};
		CD9AB829B5233A7B770568EE /* Debug */ = {
			isa = XCBuildConfiguration;
			buildSettings = {
				ALWAYS_SEARCH_USER_PATHS = NO;
				CLANG_ANALYZER_NONNULL = YES;
				CLANG_ANALYZER_NUMBER_OBJECT_CONVERSION = YES_AGGRESSIVE;
				CLANG_CXX_LANGUAGE_STANDARD = "gnu++14";
				CLANG_CXX_LIBRARY = "libc++";
				CLANG_ENABLE_MODULES = YES;
				CLANG_ENABLE_OBJC_ARC = YES;
				CLANG_ENABLE_OBJC_WEAK = YES;
				CLANG_WARN_BLOCK_CAPTURE_AUTORELEASING = YES;
				CLANG_WARN_BOOL_CONVERSION = YES;
				CLANG_WARN_COMMA = YES;
				CLANG_WARN_CONSTANT_CONVERSION = YES;
				CLANG_WARN_DEPRECATED_OBJC_IMPLEMENTATIONS = YES;
				CLANG_WARN_DIRECT_OBJC_ISA_USAGE = YES_ERROR;
				CLANG_WARN_DOCUMENTATION_COMMENTS = YES;
				CLANG_WARN_EMPTY_BODY = YES;
				CLANG_WARN_ENUM_CONVERSION = YES;
				CLANG_WARN_INFINITE_RECURSION = YES;
				CLANG_WARN_INT_CONVERSION = YES;
				CLANG_WARN_NON_LITERAL_NULL_CONVERSION = YES;
				CLANG_WARN_OBJC_IMPLICIT_RETAIN_SELF = YES;
				CLANG_WARN_OBJC_LITERAL_CONVERSION = YES;
				CLANG_WARN_OBJC_ROOT_CLASS = YES_ERROR;
				CLANG_WARN_QUOTED_INCLUDE_IN_FRAMEWORK_HEADER = YES;
				CLANG_WARN_RANGE_LOOP_ANALYSIS = YES;
				CLANG_WARN_STRICT_PROTOTYPES = YES;
				CLANG_WARN_SUSPICIOUS_MOVE = YES;
				CLANG_WARN_UNGUARDED_AVAILABILITY = YES_AGGRESSIVE;
				CLANG_WARN_UNREACHABLE_CODE = YES;
				CLANG_WARN__DUPLICATE_METHOD_MATCH = YES;
				CODE_SIGN_STYLE = Automatic;
				COPY_PHASE_STRIP = NO;
				DEBUG_INFORMATION_FORMAT = dwarf;
				DEVELOPMENT_TEAM = "";
				ENABLE_STRICT_OBJC_MSGSEND = YES;
				ENABLE_TESTABILITY = YES;
				GCC_C_LANGUAGE_STANDARD = gnu11;
				GCC_DYNAMIC_NO_PIC = NO;
				GCC_NO_COMMON_BLOCKS = YES;
				GCC_OPTIMIZATION_LEVEL = 0;
				GCC_PREPROCESSOR_DEFINITIONS = (
					"$(inherited)",
					"DEBUG=1",
				);
				GCC_WARN_64_TO_32_BIT_CONVERSION = YES;
				GCC_WARN_ABOUT_RETURN_TYPE = YES_ERROR;
				GCC_WARN_UNDECLARED_SELECTOR = YES;
				GCC_WARN_UNINITIALIZED_AUTOS = YES_AGGRESSIVE;
				GCC_WARN_UNUSED_FUNCTION = YES;
				GCC_WARN_UNUSED_VARIABLE = YES;
				MTL_ENABLE_DEBUG_INFO = INCLUDE_SOURCE;
				MTL_FAST_MATH = YES;
				ONLY_ACTIVE_ARCH = YES;
				PRODUCT_NAME = "$(TARGET_NAME)";
				SWIFT_ACTIVE_COMPILATION_CONDITIONS = DEBUG;
				SWIFT_OPTIMIZATION_LEVEL = "-Onone";
				SWIFT_VERSION = 5.0;
			};
			name = Debug;
		};
/* End XCBuildConfiguration section */

/* Begin XCConfigurationList section */
		345E6259ECF68832DC7721DC /* Build configuration list for PBXNativeTarget "MurmurMacApp" */ = {
			isa = XCConfigurationList;
			buildConfigurations = (
				0570378B170F1749FD837102 /* Debug */,
				7396103946151723B3B8A550 /* Release */,
			);
			defaultConfigurationIsVisible = 0;
			defaultConfigurationName = Debug;
		};
		4F625D0EFB6A97773843F3F8 /* Build configuration list for PBXNativeTarget "MurmurWatchApp" */ = {
			isa = XCConfigurationList;
			buildConfigurations = (
				ABBEC97200A371A36A5D5494 /* Debug */,
				C1A9457F336E96500D56B0B3 /* Release */,
			);
			defaultConfigurationIsVisible = 0;
			defaultConfigurationName = Debug;
		};
		667BF3BC38B4BD3DE3388220 /* Build configuration list for PBXNativeTarget "MurmurMacAppTests" */ = {
			isa = XCConfigurationList;
			buildConfigurations = (
				8C329C2B66CB34F8BAB56F81 /* Debug */,
				C1D36E6E07B4FC3663D7E0DA /* Release */,
			);
			defaultConfigurationIsVisible = 0;
			defaultConfigurationName = Debug;
		};
		7BC53DFDF5746356F727BB31 /* Build configuration list for PBXProject "Murmur" */ = {
			isa = XCConfigurationList;
			buildConfigurations = (
				CD9AB829B5233A7B770568EE /* Debug */,
				9191DF2C32DAEF5A429C8A63 /* Release */,
			);
			defaultConfigurationIsVisible = 0;
			defaultConfigurationName = Debug;
		};
		80938E071CAF686F9D324F47 /* Build configuration list for PBXNativeTarget "MurmurApp" */ = {
			isa = XCConfigurationList;
			buildConfigurations = (
				9D4CB59E8F96D4B0C423F5E7 /* Debug */,
				6B1671B126D78DB1F1E72396 /* Release */,
			);
			defaultConfigurationIsVisible = 0;
			defaultConfigurationName = Debug;
		};
/* End XCConfigurationList section */

/* Begin XCLocalSwiftPackageReference section */
		F3D714E605F6EFA8C05681B0 /* XCLocalSwiftPackageReference "MurmurCore" */ = {
			isa = XCLocalSwiftPackageReference;
			relativePath = MurmurCore;
		};
/* End XCLocalSwiftPackageReference section */

/* Begin XCSwiftPackageProductDependency section */
		0061F7CD2CBB35A921957D91 /* MurmurCore */ = {
			isa = XCSwiftPackageProductDependency;
			productName = MurmurCore;
		};
		56CC3455F90F1544E2C1D955 /* MurmurCore */ = {
			isa = XCSwiftPackageProductDependency;
			productName = MurmurCore;
		};
		D12B8AE4A3D261D377818FEB /* MurmurCore */ = {
			isa = XCSwiftPackageProductDependency;
			productName = MurmurCore;
		};
		E74E872DD759F69FAA30C772 /* MurmurCore */ = {
			isa = XCSwiftPackageProductDependency;
			productName = MurmurCore;
		};
/* End XCSwiftPackageProductDependency section */
	};
	rootObject = 212C51E196E4C5F2E057C421 /* Project object */;
}
